
Microsoft Visual Studio Solution File, Format Version 12.00
# Visual Studio Version 17
VisualStudioVersion = 17.0.31903.59
MinimumVisualStudioVersion = 10.0.40219.1
Project("{2150E333-8FDC-42A3-9474-1A3956D46DE8}") = "Api", "Api", "{958BEEEB-27D9-4D5D-BEE6-B2808365F3CE}"
EndProject
Project("{FAE04EC0-301F-11D3-BF4B-00C04F79EFBC}") = "Api.Shared", "Api\Api.Shared\Api.Shared.csproj", "{DE06F4CD-5574-4539-B71C-50BFFA83EEE2}"
EndProject
Project("{FAE04EC0-301F-11D3-BF4B-00C04F79EFBC}") = "InternalApi", "Api\InternalApi\InternalApi.csproj", "{7375990E-68DA-49CE-9BA9-03E3D26AA796}"
EndProject
Project("{FAE04EC0-301F-11D3-BF4B-00C04F79EFBC}") = "PublicApi", "Api\PublicApi\PublicApi.csproj", "{A914A746-A5B9-413C-BEA8-2CD1B8027E53}"
EndProject
Project("{2150E333-8FDC-42A3-9474-1A3956D46DE8}") = "Application", "Application", "{1DFC4699-0EA8-4244-9553-BE2BE38366DA}"
EndProject
Project("{FAE04EC0-301F-11D3-BF4B-00C04F79EFBC}") = "Application.Internal", "Application\Application.Internal\Application.Internal.csproj", "{26398F56-903E-488C-8CD4-735787CB1981}"
EndProject
Project("{FAE04EC0-301F-11D3-BF4B-00C04F79EFBC}") = "Application.Public", "Application\Application.Public\Application.Public.csproj", "{E70113DC-9AC0-4649-B0C3-92C1886F5771}"
EndProject
Project("{FAE04EC0-301F-11D3-BF4B-00C04F79EFBC}") = "Application.Shared", "Application\Application.Shared\Application.Shared.csproj", "{83BBC442-3AC0-4949-9FF5-E4559ACA4601}"
EndProject
Project("{FAE04EC0-301F-11D3-BF4B-00C04F79EFBC}") = "Contracts", "Contracts\Contracts.csproj", "{BAB9927F-019F-4CBD-9E79-F2A3CD52F35C}"
EndProject
Project("{FAE04EC0-301F-11D3-BF4B-00C04F79EFBC}") = "Domain", "Domain\Domain.csproj", "{B33CEB7A-C43E-4A62-987E-FDF393D5559E}"
EndProject
Project("{2150E333-8FDC-42A3-9474-1A3956D46DE8}") = "Infrastructure", "Infrastructure", "{2726F117-DEA8-4445-9750-B6E6DDB95C31}"
EndProject
Project("{FAE04EC0-301F-11D3-BF4B-00C04F79EFBC}") = "Infrastructure.Internal", "Infrastructure\Infrastructure.Internal\Infrastructure.Internal.csproj", "{F6CC0298-2EC0-4453-BB8B-E6E0D15C87AA}"
EndProject
Project("{FAE04EC0-301F-11D3-BF4B-00C04F79EFBC}") = "Infrastructure.Public", "Infrastructure\Infrastructure.Public\Infrastructure.Public.csproj", "{C53347FB-CF91-4DB4-AE2C-BF31D1B14DC3}"
EndProject
Project("{FAE04EC0-301F-11D3-BF4B-00C04F79EFBC}") = "Infrastructure.Shared", "Infrastructure\Infrastructure.Shared\Infrastructure.Shared.csproj", "{21B2A258-A958-4595-97DE-01722774F9CA}"
EndProject
Project("{2150E333-8FDC-42A3-9474-1A3956D46DE8}") = "Solution Items", "Solution Items", "{DDCFEC1F-F6FC-4DD5-BB07-38E189BBF285}"
	ProjectSection(SolutionItems) = preProject
		docker-compose.yml = docker-compose.yml
	EndProjectSection
EndProject
Global
	GlobalSection(SolutionConfigurationPlatforms) = preSolution
		Debug|Any CPU = Debug|Any CPU
		Release|Any CPU = Release|Any CPU
	EndGlobalSection
	GlobalSection(SolutionProperties) = preSolution
		HideSolutionNode = FALSE
	EndGlobalSection
	GlobalSection(ProjectConfigurationPlatforms) = postSolution
		{DE06F4CD-5574-4539-B71C-50BFFA83EEE2}.Debug|Any CPU.ActiveCfg = Debug|Any CPU
		{DE06F4CD-5574-4539-B71C-50BFFA83EEE2}.Debug|Any CPU.Build.0 = Debug|Any CPU
		{DE06F4CD-5574-4539-B71C-50BFFA83EEE2}.Release|Any CPU.ActiveCfg = Release|Any CPU
		{DE06F4CD-5574-4539-B71C-50BFFA83EEE2}.Release|Any CPU.Build.0 = Release|Any CPU
		{7375990E-68DA-49CE-9BA9-03E3D26AA796}.Debug|Any CPU.ActiveCfg = Debug|Any CPU
		{7375990E-68DA-49CE-9BA9-03E3D26AA796}.Debug|Any CPU.Build.0 = Debug|Any CPU
		{7375990E-68DA-49CE-9BA9-03E3D26AA796}.Release|Any CPU.ActiveCfg = Release|Any CPU
		{7375990E-68DA-49CE-9BA9-03E3D26AA796}.Release|Any CPU.Build.0 = Release|Any CPU
		{A914A746-A5B9-413C-BEA8-2CD1B8027E53}.Debug|Any CPU.ActiveCfg = Debug|Any CPU
		{A914A746-A5B9-413C-BEA8-2CD1B8027E53}.Debug|Any CPU.Build.0 = Debug|Any CPU
		{A914A746-A5B9-413C-BEA8-2CD1B8027E53}.Release|Any CPU.ActiveCfg = Release|Any CPU
		{A914A746-A5B9-413C-BEA8-2CD1B8027E53}.Release|Any CPU.Build.0 = Release|Any CPU
		{26398F56-903E-488C-8CD4-735787CB1981}.Debug|Any CPU.ActiveCfg = Debug|Any CPU
		{26398F56-903E-488C-8CD4-735787CB1981}.Debug|Any CPU.Build.0 = Debug|Any CPU
		{26398F56-903E-488C-8CD4-735787CB1981}.Release|Any CPU.ActiveCfg = Release|Any CPU
		{26398F56-903E-488C-8CD4-735787CB1981}.Release|Any CPU.Build.0 = Release|Any CPU
		{E70113DC-9AC0-4649-B0C3-92C1886F5771}.Debug|Any CPU.ActiveCfg = Debug|Any CPU
		{E70113DC-9AC0-4649-B0C3-92C1886F5771}.Debug|Any CPU.Build.0 = Debug|Any CPU
		{E70113DC-9AC0-4649-B0C3-92C1886F5771}.Release|Any CPU.ActiveCfg = Release|Any CPU
		{E70113DC-9AC0-4649-B0C3-92C1886F5771}.Release|Any CPU.Build.0 = Release|Any CPU
		{83BBC442-3AC0-4949-9FF5-E4559ACA4601}.Debug|Any CPU.ActiveCfg = Debug|Any CPU
		{83BBC442-3AC0-4949-9FF5-E4559ACA4601}.Debug|Any CPU.Build.0 = Debug|Any CPU
		{83BBC442-3AC0-4949-9FF5-E4559ACA4601}.Release|Any CPU.ActiveCfg = Release|Any CPU
		{83BBC442-3AC0-4949-9FF5-E4559ACA4601}.Release|Any CPU.Build.0 = Release|Any CPU
		{BAB9927F-019F-4CBD-9E79-F2A3CD52F35C}.Debug|Any CPU.ActiveCfg = Debug|Any CPU
		{BAB9927F-019F-4CBD-9E79-F2A3CD52F35C}.Debug|Any CPU.Build.0 = Debug|Any CPU
		{BAB9927F-019F-4CBD-9E79-F2A3CD52F35C}.Release|Any CPU.ActiveCfg = Release|Any CPU
		{BAB9927F-019F-4CBD-9E79-F2A3CD52F35C}.Release|Any CPU.Build.0 = Release|Any CPU
		{B33CEB7A-C43E-4A62-987E-FDF393D5559E}.Debug|Any CPU.ActiveCfg = Debug|Any CPU
		{B33CEB7A-C43E-4A62-987E-FDF393D5559E}.Debug|Any CPU.Build.0 = Debug|Any CPU
		{B33CEB7A-C43E-4A62-987E-FDF393D5559E}.Release|Any CPU.ActiveCfg = Release|Any CPU
		{B33CEB7A-C43E-4A62-987E-FDF393D5559E}.Release|Any CPU.Build.0 = Release|Any CPU
		{F6CC0298-2EC0-4453-BB8B-E6E0D15C87AA}.Debug|Any CPU.ActiveCfg = Debug|Any CPU
		{F6CC0298-2EC0-4453-BB8B-E6E0D15C87AA}.Debug|Any CPU.Build.0 = Debug|Any CPU
		{F6CC0298-2EC0-4453-BB8B-E6E0D15C87AA}.Release|Any CPU.ActiveCfg = Release|Any CPU
		{F6CC0298-2EC0-4453-BB8B-E6E0D15C87AA}.Release|Any CPU.Build.0 = Release|Any CPU
		{C53347FB-CF91-4DB4-AE2C-BF31D1B14DC3}.Debug|Any CPU.ActiveCfg = Debug|Any CPU
		{C53347FB-CF91-4DB4-AE2C-BF31D1B14DC3}.Debug|Any CPU.Build.0 = Debug|Any CPU
		{C53347FB-CF91-4DB4-AE2C-BF31D1B14DC3}.Release|Any CPU.ActiveCfg = Release|Any CPU
		{C53347FB-CF91-4DB4-AE2C-BF31D1B14DC3}.Release|Any CPU.Build.0 = Release|Any CPU
		{21B2A258-A958-4595-97DE-01722774F9CA}.Debug|Any CPU.ActiveCfg = Debug|Any CPU
		{21B2A258-A958-4595-97DE-01722774F9CA}.Debug|Any CPU.Build.0 = Debug|Any CPU
		{21B2A258-A958-4595-97DE-01722774F9CA}.Release|Any CPU.ActiveCfg = Release|Any CPU
		{21B2A258-A958-4595-97DE-01722774F9CA}.Release|Any CPU.Build.0 = Release|Any CPU
	EndGlobalSection
	GlobalSection(NestedProjects) = preSolution
		{DE06F4CD-5574-4539-B71C-50BFFA83EEE2} = {958BEEEB-27D9-4D5D-BEE6-B2808365F3CE}
		{7375990E-68DA-49CE-9BA9-03E3D26AA796} = {958BEEEB-27D9-4D5D-BEE6-B2808365F3CE}
		{A914A746-A5B9-413C-BEA8-2CD1B8027E53} = {958BEEEB-27D9-4D5D-BEE6-B2808365F3CE}
		{26398F56-903E-488C-8CD4-735787CB1981} = {1DFC4699-0EA8-4244-9553-BE2BE38366DA}
		{E70113DC-9AC0-4649-B0C3-92C1886F5771} = {1DFC4699-0EA8-4244-9553-BE2BE38366DA}
		{83BBC442-3AC0-4949-9FF5-E4559ACA4601} = {1DFC4699-0EA8-4244-9553-BE2BE38366DA}
		{F6CC0298-2EC0-4453-BB8B-E6E0D15C87AA} = {2726F117-DEA8-4445-9750-B6E6DDB95C31}
		{C53347FB-CF91-4DB4-AE2C-BF31D1B14DC3} = {2726F117-DEA8-4445-9750-B6E6DDB95C31}
		{21B2A258-A958-4595-97DE-01722774F9CA} = {2726F117-DEA8-4445-9750-B6E6DDB95C31}
	EndGlobalSection
EndGlobal
