
Microsoft Visual Studio Solution File, Format Version 12.00
# Visual Studio Version 17
VisualStudioVersion = 17.6.33829.357
MinimumVisualStudioVersion = 10.0.40219.1
Project("{9A19103F-16F7-4668-BE54-9A1E7A4F7556}") = "PublicApi", "PublicApi\PublicApi.csproj", "{BB325421-2B35-4535-B7D0-26181BDC84C5}"
EndProject
Project("{9A19103F-16F7-4668-BE54-9A1E7A4F7556}") = "Application", "Application\Application.csproj", "{40DE6BD6-D213-4AE7-9303-F907B9864321}"
EndProject
Project("{9A19103F-16F7-4668-BE54-9A1E7A4F7556}") = "Domain", "Domain\Domain.csproj", "{9B71C5FC-C00B-4D67-83CD-DDB97B93EDA5}"
EndProject
Project("{9A19103F-16F7-4668-BE54-9A1E7A4F7556}") = "Contracts", "Contracts\Contracts.csproj", "{E40C71F7-DE71-4C8A-B6E4-145918C46281}"
EndProject
Project("{9A19103F-16F7-4668-BE54-9A1E7A4F7556}") = "InternalApi", "InternalApi\InternalApi.csproj", "{2F8979BA-D962-4F77-B715-CA67D07E61F7}"
EndProject
Project("{9A19103F-16F7-4668-BE54-9A1E7A4F7556}") = "Infrastructure", "Infrastructure\Infrastructure.csproj", "{F9274610-0E7A-441D-BBD7-1C98EDE649E2}"
EndProject
Project("{2150E333-8FDC-42A3-9474-1A3956D46DE8}") = "Api", "Api", "{B115AFFE-B54C-4824-8C6F-F85F08B93496}"
EndProject
Global
	GlobalSection(SolutionConfigurationPlatforms) = preSolution
		Debug|Any CPU = Debug|Any CPU
		Release|Any CPU = Release|Any CPU
	EndGlobalSection
	GlobalSection(ProjectConfigurationPlatforms) = postSolution
		{BB325421-2B35-4535-B7D0-26181BDC84C5}.Debug|Any CPU.ActiveCfg = Debug|Any CPU
		{BB325421-2B35-4535-B7D0-26181BDC84C5}.Debug|Any CPU.Build.0 = Debug|Any CPU
		{BB325421-2B35-4535-B7D0-26181BDC84C5}.Release|Any CPU.ActiveCfg = Release|Any CPU
		{BB325421-2B35-4535-B7D0-26181BDC84C5}.Release|Any CPU.Build.0 = Release|Any CPU
		{40DE6BD6-D213-4AE7-9303-F907B9864321}.Debug|Any CPU.ActiveCfg = Debug|Any CPU
		{40DE6BD6-D213-4AE7-9303-F907B9864321}.Debug|Any CPU.Build.0 = Debug|Any CPU
		{40DE6BD6-D213-4AE7-9303-F907B9864321}.Release|Any CPU.ActiveCfg = Release|Any CPU
		{40DE6BD6-D213-4AE7-9303-F907B9864321}.Release|Any CPU.Build.0 = Release|Any CPU
		{9B71C5FC-C00B-4D67-83CD-DDB97B93EDA5}.Debug|Any CPU.ActiveCfg = Debug|Any CPU
		{9B71C5FC-C00B-4D67-83CD-DDB97B93EDA5}.Debug|Any CPU.Build.0 = Debug|Any CPU
		{9B71C5FC-C00B-4D67-83CD-DDB97B93EDA5}.Release|Any CPU.ActiveCfg = Release|Any CPU
		{9B71C5FC-C00B-4D67-83CD-DDB97B93EDA5}.Release|Any CPU.Build.0 = Release|Any CPU
		{E40C71F7-DE71-4C8A-B6E4-145918C46281}.Debug|Any CPU.ActiveCfg = Debug|Any CPU
		{E40C71F7-DE71-4C8A-B6E4-145918C46281}.Debug|Any CPU.Build.0 = Debug|Any CPU
		{E40C71F7-DE71-4C8A-B6E4-145918C46281}.Release|Any CPU.ActiveCfg = Release|Any CPU
		{E40C71F7-DE71-4C8A-B6E4-145918C46281}.Release|Any CPU.Build.0 = Release|Any CPU
		{2F8979BA-D962-4F77-B715-CA67D07E61F7}.Debug|Any CPU.ActiveCfg = Debug|Any CPU
		{2F8979BA-D962-4F77-B715-CA67D07E61F7}.Debug|Any CPU.Build.0 = Debug|Any CPU
		{2F8979BA-D962-4F77-B715-CA67D07E61F7}.Release|Any CPU.ActiveCfg = Release|Any CPU
		{2F8979BA-D962-4F77-B715-CA67D07E61F7}.Release|Any CPU.Build.0 = Release|Any CPU
		{F9274610-0E7A-441D-BBD7-1C98EDE649E2}.Debug|Any CPU.ActiveCfg = Debug|Any CPU
		{F9274610-0E7A-441D-BBD7-1C98EDE649E2}.Debug|Any CPU.Build.0 = Debug|Any CPU
		{F9274610-0E7A-441D-BBD7-1C98EDE649E2}.Release|Any CPU.ActiveCfg = Release|Any CPU
		{F9274610-0E7A-441D-BBD7-1C98EDE649E2}.Release|Any CPU.Build.0 = Release|Any CPU
	EndGlobalSection
	GlobalSection(SolutionProperties) = preSolution
		HideSolutionNode = FALSE
	EndGlobalSection
	GlobalSection(NestedProjects) = preSolution
		{BB325421-2B35-4535-B7D0-26181BDC84C5} = {B115AFFE-B54C-4824-8C6F-F85F08B93496}
		{2F8979BA-D962-4F77-B715-CA67D07E61F7} = {B115AFFE-B54C-4824-8C6F-F85F08B93496}
	EndGlobalSection
	GlobalSection(ExtensibilityGlobals) = postSolution
		SolutionGuid = {08763AF7-5405-4C58-A77B-B2E7BFD0E7FC}
	EndGlobalSection
EndGlobal
