
Microsoft Visual Studio Solution File, Format Version 12.00
# Visual Studio Version 17
VisualStudioVersion = 17.0.31903.59
MinimumVisualStudioVersion = 10.0.40219.1
Project("{FAE04EC0-301F-11D3-BF4B-00C04F79EFBC}") = "Contracts", "Contracts\Contracts.csproj", "{A06F4E03-E0FB-4996-9184-309E75FEB5F7}"
EndProject
Project("{FAE04EC0-301F-11D3-BF4B-00C04F79EFBC}") = "Domain", "Domain\Domain.csproj", "{4709D317-B117-40EF-8A00-5C31586DB2CB}"
EndProject
Project("{2150E333-8FDC-42A3-9474-1A3956D46DE8}") = "InternalApi", "InternalApi", "{684C22D4-EB0F-4820-9E3E-38D7E9838E7F}"
EndProject
Project("{FAE04EC0-301F-11D3-BF4B-00C04F79EFBC}") = "Api.Internal", "InternalApi\Api.Internal\Api.Internal.csproj", "{A4E4C118-A232-4378-A3F4-1A039B3E9B7D}"
EndProject
Project("{FAE04EC0-301F-11D3-BF4B-00C04F79EFBC}") = "Application.Internal", "InternalApi\Application.Internal\Application.Internal.csproj", "{3D068F62-9155-47E2-88F1-7C8ACDE13626}"
EndProject
Project("{FAE04EC0-301F-11D3-BF4B-00C04F79EFBC}") = "Infrastructure.Internal", "InternalApi\Infrastructure.Internal\Infrastructure.Internal.csproj", "{BF26303F-5406-4264-A9B1-67D1DB0A171B}"
EndProject
Project("{2150E333-8FDC-42A3-9474-1A3956D46DE8}") = "PublicApi", "PublicApi", "{49A189F8-1A98-4F31-9A46-0F72F863766E}"
EndProject
Project("{FAE04EC0-301F-11D3-BF4B-00C04F79EFBC}") = "Api.Public", "PublicApi\Api.Public\Api.Public.csproj", "{9329869A-D87E-4B12-BDEC-1B10984178AC}"
EndProject
Project("{FAE04EC0-301F-11D3-BF4B-00C04F79EFBC}") = "Application.Public", "PublicApi\Application.Public\Application.Public.csproj", "{2EACBD6F-4E83-4FE6-B21D-69AC6CDE085E}"
EndProject
Project("{FAE04EC0-301F-11D3-BF4B-00C04F79EFBC}") = "Infrastructure.Public", "PublicApi\Infrastructure.Public\Infrastructure.Public.csproj", "{3B865062-D45C-4F9B-941B-DF67290E0704}"
EndProject
Project("{2150E333-8FDC-42A3-9474-1A3956D46DE8}") = "Shared", "Shared", "{98E45FD1-C9FC-45FA-9C1B-359861E87475}"
EndProject
Project("{FAE04EC0-301F-11D3-BF4B-00C04F79EFBC}") = "Application.Shared", "Shared\Application.Shared\Application.Shared.csproj", "{DD6CAE69-69A2-45A4-AB71-3730052AFE8F}"
EndProject
Global
	GlobalSection(SolutionConfigurationPlatforms) = preSolution
		Debug|Any CPU = Debug|Any CPU
		Release|Any CPU = Release|Any CPU
	EndGlobalSection
	GlobalSection(SolutionProperties) = preSolution
		HideSolutionNode = FALSE
	EndGlobalSection
	GlobalSection(ProjectConfigurationPlatforms) = postSolution
		{A06F4E03-E0FB-4996-9184-309E75FEB5F7}.Debug|Any CPU.ActiveCfg = Debug|Any CPU
		{A06F4E03-E0FB-4996-9184-309E75FEB5F7}.Debug|Any CPU.Build.0 = Debug|Any CPU
		{A06F4E03-E0FB-4996-9184-309E75FEB5F7}.Release|Any CPU.ActiveCfg = Release|Any CPU
		{A06F4E03-E0FB-4996-9184-309E75FEB5F7}.Release|Any CPU.Build.0 = Release|Any CPU
		{4709D317-B117-40EF-8A00-5C31586DB2CB}.Debug|Any CPU.ActiveCfg = Debug|Any CPU
		{4709D317-B117-40EF-8A00-5C31586DB2CB}.Debug|Any CPU.Build.0 = Debug|Any CPU
		{4709D317-B117-40EF-8A00-5C31586DB2CB}.Release|Any CPU.ActiveCfg = Release|Any CPU
		{4709D317-B117-40EF-8A00-5C31586DB2CB}.Release|Any CPU.Build.0 = Release|Any CPU
		{A4E4C118-A232-4378-A3F4-1A039B3E9B7D}.Debug|Any CPU.ActiveCfg = Debug|Any CPU
		{A4E4C118-A232-4378-A3F4-1A039B3E9B7D}.Debug|Any CPU.Build.0 = Debug|Any CPU
		{A4E4C118-A232-4378-A3F4-1A039B3E9B7D}.Release|Any CPU.ActiveCfg = Release|Any CPU
		{A4E4C118-A232-4378-A3F4-1A039B3E9B7D}.Release|Any CPU.Build.0 = Release|Any CPU
		{3D068F62-9155-47E2-88F1-7C8ACDE13626}.Debug|Any CPU.ActiveCfg = Debug|Any CPU
		{3D068F62-9155-47E2-88F1-7C8ACDE13626}.Debug|Any CPU.Build.0 = Debug|Any CPU
		{3D068F62-9155-47E2-88F1-7C8ACDE13626}.Release|Any CPU.ActiveCfg = Release|Any CPU
		{3D068F62-9155-47E2-88F1-7C8ACDE13626}.Release|Any CPU.Build.0 = Release|Any CPU
		{BF26303F-5406-4264-A9B1-67D1DB0A171B}.Debug|Any CPU.ActiveCfg = Debug|Any CPU
		{BF26303F-5406-4264-A9B1-67D1DB0A171B}.Debug|Any CPU.Build.0 = Debug|Any CPU
		{BF26303F-5406-4264-A9B1-67D1DB0A171B}.Release|Any CPU.ActiveCfg = Release|Any CPU
		{BF26303F-5406-4264-A9B1-67D1DB0A171B}.Release|Any CPU.Build.0 = Release|Any CPU
		{9329869A-D87E-4B12-BDEC-1B10984178AC}.Debug|Any CPU.ActiveCfg = Debug|Any CPU
		{9329869A-D87E-4B12-BDEC-1B10984178AC}.Debug|Any CPU.Build.0 = Debug|Any CPU
		{9329869A-D87E-4B12-BDEC-1B10984178AC}.Release|Any CPU.ActiveCfg = Release|Any CPU
		{9329869A-D87E-4B12-BDEC-1B10984178AC}.Release|Any CPU.Build.0 = Release|Any CPU
		{2EACBD6F-4E83-4FE6-B21D-69AC6CDE085E}.Debug|Any CPU.ActiveCfg = Debug|Any CPU
		{2EACBD6F-4E83-4FE6-B21D-69AC6CDE085E}.Debug|Any CPU.Build.0 = Debug|Any CPU
		{2EACBD6F-4E83-4FE6-B21D-69AC6CDE085E}.Release|Any CPU.ActiveCfg = Release|Any CPU
		{2EACBD6F-4E83-4FE6-B21D-69AC6CDE085E}.Release|Any CPU.Build.0 = Release|Any CPU
		{3B865062-D45C-4F9B-941B-DF67290E0704}.Debug|Any CPU.ActiveCfg = Debug|Any CPU
		{3B865062-D45C-4F9B-941B-DF67290E0704}.Debug|Any CPU.Build.0 = Debug|Any CPU
		{3B865062-D45C-4F9B-941B-DF67290E0704}.Release|Any CPU.ActiveCfg = Release|Any CPU
		{3B865062-D45C-4F9B-941B-DF67290E0704}.Release|Any CPU.Build.0 = Release|Any CPU
		{DD6CAE69-69A2-45A4-AB71-3730052AFE8F}.Debug|Any CPU.ActiveCfg = Debug|Any CPU
		{DD6CAE69-69A2-45A4-AB71-3730052AFE8F}.Debug|Any CPU.Build.0 = Debug|Any CPU
		{DD6CAE69-69A2-45A4-AB71-3730052AFE8F}.Release|Any CPU.ActiveCfg = Release|Any CPU
		{DD6CAE69-69A2-45A4-AB71-3730052AFE8F}.Release|Any CPU.Build.0 = Release|Any CPU
	EndGlobalSection
	GlobalSection(NestedProjects) = preSolution
		{A4E4C118-A232-4378-A3F4-1A039B3E9B7D} = {684C22D4-EB0F-4820-9E3E-38D7E9838E7F}
		{3D068F62-9155-47E2-88F1-7C8ACDE13626} = {684C22D4-EB0F-4820-9E3E-38D7E9838E7F}
		{BF26303F-5406-4264-A9B1-67D1DB0A171B} = {684C22D4-EB0F-4820-9E3E-38D7E9838E7F}
		{9329869A-D87E-4B12-BDEC-1B10984178AC} = {49A189F8-1A98-4F31-9A46-0F72F863766E}
		{2EACBD6F-4E83-4FE6-B21D-69AC6CDE085E} = {49A189F8-1A98-4F31-9A46-0F72F863766E}
		{3B865062-D45C-4F9B-941B-DF67290E0704} = {49A189F8-1A98-4F31-9A46-0F72F863766E}
		{DD6CAE69-69A2-45A4-AB71-3730052AFE8F} = {98E45FD1-C9FC-45FA-9C1B-359861E87475}
	EndGlobalSection
EndGlobal
