
Microsoft Visual Studio Solution File, Format Version 12.00
# Visual Studio Version 17
VisualStudioVersion = 17.6.33829.357
MinimumVisualStudioVersion = 10.0.40219.1
Project("{9A19103F-16F7-4668-BE54-9A1E7A4F7556}") = "PublicApi", "PublicApi\PublicApi.csproj", "{BB325421-2B35-4535-B7D0-26181BDC84C5}"
EndProject
Project("{9A19103F-16F7-4668-BE54-9A1E7A4F7556}") = "Domain", "Domain\Domain.csproj", "{48DE355B-0EDB-46BD-8F8E-BB8E5F014F16}"
EndProject
Project("{9A19103F-16F7-4668-BE54-9A1E7A4F7556}") = "Application", "Application\Application.csproj", "{7C73BFDA-27B6-4A96-BD45-B6E30A138007}"
EndProject
Project("{FAE04EC0-301F-11D3-BF4B-00C04F79EFBC}") = "InternalApi", "InternalApi\InternalApi.csproj", "{EF3F1B95-519F-4E53-9292-C9003A46D709}"
EndProject
Global
	GlobalSection(SolutionConfigurationPlatforms) = preSolution
		Debug|Any CPU = Debug|Any CPU
		Release|Any CPU = Release|Any CPU
	EndGlobalSection
	GlobalSection(ProjectConfigurationPlatforms) = postSolution
		{BB325421-2B35-4535-B7D0-26181BDC84C5}.Debug|Any CPU.ActiveCfg = Debug|Any CPU
		{BB325421-2B35-4535-B7D0-26181BDC84C5}.Debug|Any CPU.Build.0 = Debug|Any CPU
		{BB325421-2B35-4535-B7D0-26181BDC84C5}.Release|Any CPU.ActiveCfg = Release|Any CPU
		{BB325421-2B35-4535-B7D0-26181BDC84C5}.Release|Any CPU.Build.0 = Release|Any CPU
		{48DE355B-0EDB-46BD-8F8E-BB8E5F014F16}.Debug|Any CPU.ActiveCfg = Debug|Any CPU
		{48DE355B-0EDB-46BD-8F8E-BB8E5F014F16}.Debug|Any CPU.Build.0 = Debug|Any CPU
		{48DE355B-0EDB-46BD-8F8E-BB8E5F014F16}.Release|Any CPU.ActiveCfg = Release|Any CPU
		{48DE355B-0EDB-46BD-8F8E-BB8E5F014F16}.Release|Any CPU.Build.0 = Release|Any CPU
		{7C73BFDA-27B6-4A96-BD45-B6E30A138007}.Debug|Any CPU.ActiveCfg = Debug|Any CPU
		{7C73BFDA-27B6-4A96-BD45-B6E30A138007}.Debug|Any CPU.Build.0 = Debug|Any CPU
		{7C73BFDA-27B6-4A96-BD45-B6E30A138007}.Release|Any CPU.ActiveCfg = Release|Any CPU
		{7C73BFDA-27B6-4A96-BD45-B6E30A138007}.Release|Any CPU.Build.0 = Release|Any CPU
		{EF3F1B95-519F-4E53-9292-C9003A46D709}.Debug|Any CPU.ActiveCfg = Debug|Any CPU
		{EF3F1B95-519F-4E53-9292-C9003A46D709}.Debug|Any CPU.Build.0 = Debug|Any CPU
		{EF3F1B95-519F-4E53-9292-C9003A46D709}.Release|Any CPU.ActiveCfg = Release|Any CPU
		{EF3F1B95-519F-4E53-9292-C9003A46D709}.Release|Any CPU.Build.0 = Release|Any CPU
	EndGlobalSection
	GlobalSection(SolutionProperties) = preSolution
		HideSolutionNode = FALSE
	EndGlobalSection
	GlobalSection(ExtensibilityGlobals) = postSolution
		SolutionGuid = {58DCBC95-A251-4D0D-AA52-F47D78ACF2BE}
	EndGlobalSection
EndGlobal
